// !$*UTF8*$!
{
	archiveVersion = 1;
	classes = {
	};
	objectVersion = 50;
	objects = {

/* Begin PBXBuildFile section */
		63757899ED4DF54ED24A1331 /* libPods-DABannerView.a in Frameworks */ = {isa = PBXBuildFile; fileRef = 338ED028E0C2B4B2E0D07018 /* libPods-DABannerView.a */; };
		6E234CDD22E5ACD7000576BF /* AppDelegate.m in Sources */ = {isa = PBXBuildFile; fileRef = 6E234CDC22E5ACD7000576BF /* AppDelegate.m */; };
		6E234CE022E5ACD7000576BF /* ViewController.m in Sources */ = {isa = PBXBuildFile; fileRef = 6E234CDF22E5ACD7000576BF /* ViewController.m */; };
		6E234CE322E5ACD7000576BF /* Main.storyboard in Resources */ = {isa = PBXBuildFile; fileRef = 6E234CE122E5ACD7000576BF /* Main.storyboard */; };
		6E234CE522E5ACDB000576BF /* Assets.xcassets in Resources */ = {isa = PBXBuildFile; fileRef = 6E234CE422E5ACDB000576BF /* Assets.xcassets */; };
		6E234CE822E5ACDB000576BF /* LaunchScreen.storyboard in Resources */ = {isa = PBXBuildFile; fileRef = 6E234CE622E5ACDB000576BF /* LaunchScreen.storyboard */; };
		6E234CEB22E5ACDB000576BF /* main.m in Sources */ = {isa = PBXBuildFile; fileRef = 6E234CEA22E5ACDB000576BF /* main.m */; };
		6E234CFA22E5AE93000576BF /* DABannerCollectionViewCell.m in Sources */ = {isa = PBXBuildFile; fileRef = 6E234CF822E5AE93000576BF /* DABannerCollectionViewCell.m */; };
		6E234CFB22E5AE93000576BF /* DABannerCollectionViewCell.xib in Resources */ = {isa = PBXBuildFile; fileRef = 6E234CF922E5AE93000576BF /* DABannerCollectionViewCell.xib */; };
		6E234CFE22E5AFCF000576BF /* DABannerView.m in Sources */ = {isa = PBXBuildFile; fileRef = 6E234CFD22E5AFCF000576BF /* DABannerView.m */; };
		6E234D0122E5B1A7000576BF /* DABannerFlowLayout.m in Sources */ = {isa = PBXBuildFile; fileRef = 6E234D0022E5B1A7000576BF /* DABannerFlowLayout.m */; };
/* End PBXBuildFile section */

/* Begin PBXFileReference section */
		2A1E9F8EFFA324EE3F58057A /* Pods-DABannerView.release.xcconfig */ = {isa = PBXFileReference; includeInIndex = 1; lastKnownFileType = text.xcconfig; name = "Pods-DABannerView.release.xcconfig"; path = "Target Support Files/Pods-DABannerView/Pods-DABannerView.release.xcconfig"; sourceTree = "<group>"; };
		338ED028E0C2B4B2E0D07018 /* libPods-DABannerView.a */ = {isa = PBXFileReference; explicitFileType = archive.ar; includeInIndex = 0; path = "libPods-DABannerView.a"; sourceTree = BUILT_PRODUCTS_DIR; };
		66B38DC435E4794BCAF94D5A /* Pods-DABannerView.debug.xcconfig */ = {isa = PBXFileReference; includeInIndex = 1; lastKnownFileType = text.xcconfig; name = "Pods-DABannerView.debug.xcconfig"; path = "Target Support Files/Pods-DABannerView/Pods-DABannerView.debug.xcconfig"; sourceTree = "<group>"; };
		6E234CD822E5ACD7000576BF /* DABannerView.app */ = {isa = PBXFileReference; explicitFileType = wrapper.application; includeInIndex = 0; path = DABannerView.app; sourceTree = BUILT_PRODUCTS_DIR; };
		6E234CDB22E5ACD7000576BF /* AppDelegate.h */ = {isa = PBXFileReference; lastKnownFileType = sourcecode.c.h; path = AppDelegate.h; sourceTree = "<group>"; };
		6E234CDC22E5ACD7000576BF /* AppDelegate.m */ = {isa = PBXFileReference; lastKnownFileType = sourcecode.c.objc; path = AppDelegate.m; sourceTree = "<group>"; };
		6E234CDE22E5ACD7000576BF /* ViewController.h */ = {isa = PBXFileReference; lastKnownFileType = sourcecode.c.h; path = ViewController.h; sourceTree = "<group>"; };
		6E234CDF22E5ACD7000576BF /* ViewController.m */ = {isa = PBXFileReference; lastKnownFileType = sourcecode.c.objc; path = ViewController.m; sourceTree = "<group>"; };
		6E234CE222E5ACD7000576BF /* Base */ = {isa = PBXFileReference; lastKnownFileType = file.storyboard; name = Base; path = Base.lproj/Main.storyboard; sourceTree = "<group>"; };
		6E234CE422E5ACDB000576BF /* Assets.xcassets */ = {isa = PBXFileReference; lastKnownFileType = folder.assetcatalog; path = Assets.xcassets; sourceTree = "<group>"; };
		6E234CE722E5ACDB000576BF /* Base */ = {isa = PBXFileReference; lastKnownFileType = file.storyboard; name = Base; path = Base.lproj/LaunchScreen.storyboard; sourceTree = "<group>"; };
		6E234CE922E5ACDB000576BF /* Info.plist */ = {isa = PBXFileReference; lastKnownFileType = text.plist.xml; path = Info.plist; sourceTree = "<group>"; };
		6E234CEA22E5ACDB000576BF /* main.m */ = {isa = PBXFileReference; lastKnownFileType = sourcecode.c.objc; path = main.m; sourceTree = "<group>"; };
		6E234CF722E5AE93000576BF /* DABannerCollectionViewCell.h */ = {isa = PBXFileReference; lastKnownFileType = sourcecode.c.h; path = DABannerCollectionViewCell.h; sourceTree = "<group>"; };
		6E234CF822E5AE93000576BF /* DABannerCollectionViewCell.m */ = {isa = PBXFileReference; lastKnownFileType = sourcecode.c.objc; path = DABannerCollectionViewCell.m; sourceTree = "<group>"; };
		6E234CF922E5AE93000576BF /* DABannerCollectionViewCell.xib */ = {isa = PBXFileReference; lastKnownFileType = file.xib; path = DABannerCollectionViewCell.xib; sourceTree = "<group>"; };
		6E234CFC22E5AFCF000576BF /* DABannerView.h */ = {isa = PBXFileReference; lastKnownFileType = sourcecode.c.h; path = DABannerView.h; sourceTree = "<group>"; };
		6E234CFD22E5AFCF000576BF /* DABannerView.m */ = {isa = PBXFileReference; lastKnownFileType = sourcecode.c.objc; path = DABannerView.m; sourceTree = "<group>"; };
		6E234CFF22E5B1A7000576BF /* DABannerFlowLayout.h */ = {isa = PBXFileReference; lastKnownFileType = sourcecode.c.h; path = DABannerFlowLayout.h; sourceTree = "<group>"; };
		6E234D0022E5B1A7000576BF /* DABannerFlowLayout.m */ = {isa = PBXFileReference; lastKnownFileType = sourcecode.c.objc; path = DABannerFlowLayout.m; sourceTree = "<group>"; };
/* End PBXFileReference section */

/* Begin PBXFrameworksBuildPhase section */
		6E234CD522E5ACD7000576BF /* Frameworks */ = {
			isa = PBXFrameworksBuildPhase;
			buildActionMask = 2147483647;
			files = (
				63757899ED4DF54ED24A1331 /* libPods-DABannerView.a in Frameworks */,
			);
			runOnlyForDeploymentPostprocessing = 0;
		};
/* End PBXFrameworksBuildPhase section */

/* Begin PBXGroup section */
		5AA9E817126E330712ED53A8 /* Pods */ = {
			isa = PBXGroup;
			children = (
				66B38DC435E4794BCAF94D5A /* Pods-DABannerView.debug.xcconfig */,
				2A1E9F8EFFA324EE3F58057A /* Pods-DABannerView.release.xcconfig */,
			);
			path = Pods;
			sourceTree = "<group>";
		};
		5C2002CA917B0AB7C3494723 /* Frameworks */ = {
			isa = PBXGroup;
			children = (
				338ED028E0C2B4B2E0D07018 /* libPods-DABannerView.a */,
			);
			name = Frameworks;
			sourceTree = "<group>";
		};
		6E234CCF22E5ACD7000576BF = {
			isa = PBXGroup;
			children = (
				6E234CDA22E5ACD7000576BF /* DABannerView */,
				6E234CD922E5ACD7000576BF /* Products */,
				5AA9E817126E330712ED53A8 /* Pods */,
				5C2002CA917B0AB7C3494723 /* Frameworks */,
			);
			sourceTree = "<group>";
		};
		6E234CD922E5ACD7000576BF /* Products */ = {
			isa = PBXGroup;
			children = (
				6E234CD822E5ACD7000576BF /* DABannerView.app */,
			);
			name = Products;
			sourceTree = "<group>";
		};
		6E234CDA22E5ACD7000576BF /* DABannerView */ = {
			isa = PBXGroup;
			children = (
				6E234CDB22E5ACD7000576BF /* AppDelegate.h */,
				6E234CDC22E5ACD7000576BF /* AppDelegate.m */,
				6E234CDE22E5ACD7000576BF /* ViewController.h */,
				6E234CDF22E5ACD7000576BF /* ViewController.m */,
				6E234CFC22E5AFCF000576BF /* DABannerView.h */,
				6E234CFD22E5AFCF000576BF /* DABannerView.m */,
				6E234CFF22E5B1A7000576BF /* DABannerFlowLayout.h */,
				6E234D0022E5B1A7000576BF /* DABannerFlowLayout.m */,
				6E234CF722E5AE93000576BF /* DABannerCollectionViewCell.h */,
				6E234CF822E5AE93000576BF /* DABannerCollectionViewCell.m */,
				6E234CF922E5AE93000576BF /* DABannerCollectionViewCell.xib */,
				6E234CE122E5ACD7000576BF /* Main.storyboard */,
				6E234CE422E5ACDB000576BF /* Assets.xcassets */,
				6E234CE622E5ACDB000576BF /* LaunchScreen.storyboard */,
				6E234CE922E5ACDB000576BF /* Info.plist */,
				6E234CEA22E5ACDB000576BF /* main.m */,
			);
			path = DABannerView;
			sourceTree = "<group>";
		};
/* End PBXGroup section */

/* Begin PBXNativeTarget section */
		6E234CD722E5ACD7000576BF /* DABannerView */ = {
			isa = PBXNativeTarget;
			buildConfigurationList = 6E234CEE22E5ACDB000576BF /* Build configuration list for PBXNativeTarget "DABannerView" */;
			buildPhases = (
				04EA44AAD51CEB821DF943A4 /* [CP] Check Pods Manifest.lock */,
				6E234CD422E5ACD7000576BF /* Sources */,
				6E234CD522E5ACD7000576BF /* Frameworks */,
				6E234CD622E5ACD7000576BF /* Resources */,
			);
			buildRules = (
			);
			dependencies = (
			);
			name = DABannerView;
			productName = DABannerView;
			productReference = 6E234CD822E5ACD7000576BF /* DABannerView.app */;
			productType = "com.apple.product-type.application";
		};
/* End PBXNativeTarget section */

/* Begin PBXProject section */
		6E234CD022E5ACD7000576BF /* Project object */ = {
			isa = PBXProject;
			attributes = {
				LastUpgradeCheck = 1020;
				ORGANIZATIONNAME = "linfeng wang";
				TargetAttributes = {
					6E234CD722E5ACD7000576BF = {
						CreatedOnToolsVersion = 10.2.1;
					};
				};
			};
			buildConfigurationList = 6E234CD322E5ACD7000576BF /* Build configuration list for PBXProject "DABannerView" */;
			compatibilityVersion = "Xcode 9.3";
			developmentRegion = en;
			hasScannedForEncodings = 0;
			knownRegions = (
				en,
				Base,
			);
			mainGroup = 6E234CCF22E5ACD7000576BF;
			productRefGroup = 6E234CD922E5ACD7000576BF /* Products */;
			projectDirPath = "";
			projectRoot = "";
			targets = (
				6E234CD722E5ACD7000576BF /* DABannerView */,
			);
		};
/* End PBXProject section */

/* Begin PBXResourcesBuildPhase section */
		6E234CD622E5ACD7000576BF /* Resources */ = {
			isa = PBXResourcesBuildPhase;
			buildActionMask = 2147483647;
			files = (
				6E234CE822E5ACDB000576BF /* LaunchScreen.storyboard in Resources */,
				6E234CFB22E5AE93000576BF /* DABannerCollectionViewCell.xib in Resources */,
				6E234CE522E5ACDB000576BF /* Assets.xcassets in Resources */,
				6E234CE322E5ACD7000576BF /* Main.storyboard in Resources */,
			);
			runOnlyForDeploymentPostprocessing = 0;
		};
/* End PBXResourcesBuildPhase section */

/* Begin PBXShellScriptBuildPhase section */
		04EA44AAD51CEB821DF943A4 /* [CP] Check Pods Manifest.lock */ = {
			isa = PBXShellScriptBuildPhase;
			buildActionMask = 2147483647;
			files = (
			);
			inputFileListPaths = (
			);
			inputPaths = (
				"${PODS_PODFILE_DIR_PATH}/Podfile.lock",
				"${PODS_ROOT}/Manifest.lock",
			);
			name = "[CP] Check Pods Manifest.lock";
			outputFileListPaths = (
			);
			outputPaths = (
				"$(DERIVED_FILE_DIR)/Pods-DABannerView-checkManifestLockResult.txt",
			);
			runOnlyForDeploymentPostprocessing = 0;
			shellPath = /bin/sh;
			shellScript = "diff \"${PODS_PODFILE_DIR_PATH}/Podfile.lock\" \"${PODS_ROOT}/Manifest.lock\" > /dev/null\nif [ $? != 0 ] ; then\n    # print error to STDERR\n    echo \"error: The sandbox is not in sync with the Podfile.lock. Run 'pod install' or update your CocoaPods installation.\" >&2\n    exit 1\nfi\n# This output is used by Xcode 'outputs' to avoid re-running this script phase.\necho \"SUCCESS\" > \"${SCRIPT_OUTPUT_FILE_0}\"\n";
			showEnvVarsInLog = 0;
		};
/* End PBXShellScriptBuildPhase section */

/* Begin PBXSourcesBuildPhase section */
		6E234CD422E5ACD7000576BF /* Sources */ = {
			isa = PBXSourcesBuildPhase;
			buildActionMask = 2147483647;
			files = (
				6E234CFA22E5AE93000576BF /* DABannerCollectionViewCell.m in Sources */,
				6E234CFE22E5AFCF000576BF /* DABannerView.m in Sources */,
				6E234CE022E5ACD7000576BF /* ViewController.m in Sources */,
				6E234CEB22E5ACDB000576BF /* main.m in Sources */,
				6E234D0122E5B1A7000576BF /* DABannerFlowLayout.m in Sources */,
				6E234CDD22E5ACD7000576BF /* AppDelegate.m in Sources */,
			);
			runOnlyForDeploymentPostprocessing = 0;
		};
/* End PBXSourcesBuildPhase section */

/* Begin PBXVariantGroup section */
		6E234CE122E5ACD7000576BF /* Main.storyboard */ = {
			isa = PBXVariantGroup;
			children = (
				6E234CE222E5ACD7000576BF /* Base */,
			);
			name = Main.storyboard;
			sourceTree = "<group>";
		};
		6E234CE622E5ACDB000576BF /* LaunchScreen.storyboard */ = {
			isa = PBXVariantGroup;
			children = (
				6E234CE722E5ACDB000576BF /* Base */,
			);
			name = LaunchScreen.storyboard;
			sourceTree = "<group>";
		};
/* End PBXVariantGroup section */

/* Begin XCBuildConfiguration section */
		6E234CEC22E5ACDB000576BF /* Debug */ = {
			isa = XCBuildConfiguration;
			buildSettings = {
				ALWAYS_SEARCH_USER_PATHS = NO;
				CLANG_ANALYZER_NONNULL = YES;
				CLANG_ANALYZER_NUMBER_OBJECT_CONVERSION = YES_AGGRESSIVE;
				CLANG_CXX_LANGUAGE_STANDARD = "gnu++14";
				CLANG_CXX_LIBRARY = "libc++";
				CLANG_ENABLE_MODULES = YES;
				CLANG_ENABLE_OBJC_ARC = YES;
				CLANG_ENABLE_OBJC_WEAK = YES;
				CLANG_WARN_BLOCK_CAPTURE_AUTORELEASING = YES;
				CLANG_WARN_BOOL_CONVERSION = YES;
				CLANG_WARN_COMMA = YES;
				CLANG_WARN_CONSTANT_CONVERSION = YES;
				CLANG_WARN_DEPRECATED_OBJC_IMPLEMENTATIONS = YES;
				CLANG_WARN_DIRECT_OBJC_ISA_USAGE = YES_ERROR;
				CLANG_WARN_DOCUMENTATION_COMMENTS = YES;
				CLANG_WARN_EMPTY_BODY = YES;
				CLANG_WARN_ENUM_CONVERSION = YES;
				CLANG_WARN_INFINITE_RECURSION = YES;
				CLANG_WARN_INT_CONVERSION = YES;
				CLANG_WARN_NON_LITERAL_NULL_CONVERSION = YES;
				CLANG_WARN_OBJC_IMPLICIT_RETAIN_SELF = YES;
				CLANG_WARN_OBJC_LITERAL_CONVERSION = YES;
				CLANG_WARN_OBJC_ROOT_CLASS = YES_ERROR;
				CLANG_WARN_RANGE_LOOP_ANALYSIS = YES;
				CLANG_WARN_STRICT_PROTOTYPES = YES;
				CLANG_WARN_SUSPICIOUS_MOVE = YES;
				CLANG_WARN_UNGUARDED_AVAILABILITY = YES_AGGRESSIVE;
				CLANG_WARN_UNREACHABLE_CODE = YES;
				CLANG_WARN__DUPLICATE_METHOD_MATCH = YES;
				CODE_SIGN_IDENTITY = "iPhone Developer";
				COPY_PHASE_STRIP = NO;
				DEBUG_INFORMATION_FORMAT = dwarf;
				ENABLE_STRICT_OBJC_MSGSEND = YES;
				ENABLE_TESTABILITY = YES;
				GCC_C_LANGUAGE_STANDARD = gnu11;
				GCC_DYNAMIC_NO_PIC = NO;
				GCC_NO_COMMON_BLOCKS = YES;
				GCC_OPTIMIZATION_LEVEL = 0;
				GCC_PREPROCESSOR_DEFINITIONS = (
					"DEBUG=1",
					"$(inherited)",
				);
				GCC_WARN_64_TO_32_BIT_CONVERSION = YES;
				GCC_WARN_ABOUT_RETURN_TYPE = YES_ERROR;
				GCC_WARN_UNDECLARED_SELECTOR = YES;
				GCC_WARN_UNINITIALIZED_AUTOS = YES_AGGRESSIVE;
				GCC_WARN_UNUSED_FUNCTION = YES;
				GCC_WARN_UNUSED_VARIABLE = YES;
				IPHONEOS_DEPLOYMENT_TARGET = 12.2;
				MTL_ENABLE_DEBUG_INFO = INCLUDE_SOURCE;
				MTL_FAST_MATH = YES;
				ONLY_ACTIVE_ARCH = YES;
				SDKROOT = iphoneos;
			};
			name = Debug;
		};
		6E234CED22E5ACDB000576BF /* Release */ = {
			isa = XCBuildConfiguration;
			buildSettings = {
				ALWAYS_SEARCH_USER_PATHS = NO;
				CLANG_ANALYZER_NONNULL = YES;
				CLANG_ANALYZER_NUMBER_OBJECT_CONVERSION = YES_AGGRESSIVE;
				CLANG_CXX_LANGUAGE_STANDARD = "gnu++14";
				CLANG_CXX_LIBRARY = "libc++";
				CLANG_ENABLE_MODULES = YES;
				CLANG_ENABLE_OBJC_ARC = YES;
				CLANG_ENABLE_OBJC_WEAK = YES;
				CLANG_WARN_BLOCK_CAPTURE_AUTORELEASING = YES;
				CLANG_WARN_BOOL_CONVERSION = YES;
				CLANG_WARN_COMMA = YES;
				CLANG_WARN_CONSTANT_CONVERSION = YES;
				CLANG_WARN_DEPRECATED_OBJC_IMPLEMENTATIONS = YES;
				CLANG_WARN_DIRECT_OBJC_ISA_USAGE = YES_ERROR;
				CLANG_WARN_DOCUMENTATION_COMMENTS = YES;
				CLANG_WARN_EMPTY_BODY = YES;
				CLANG_WARN_ENUM_CONVERSION = YES;
				CLANG_WARN_INFINITE_RECURSION = YES;
				CLANG_WARN_INT_CONVERSION = YES;
				CLANG_WARN_NON_LITERAL_NULL_CONVERSION = YES;
				CLANG_WARN_OBJC_IMPLICIT_RETAIN_SELF = YES;
				CLANG_WARN_OBJC_LITERAL_CONVERSION = YES;
				CLANG_WARN_OBJC_ROOT_CLASS = YES_ERROR;
				CLANG_WARN_RANGE_LOOP_ANALYSIS = YES;
				CLANG_WARN_STRICT_PROTOTYPES = YES;
				CLANG_WARN_SUSPICIOUS_MOVE = YES;
				CLANG_WARN_UNGUARDED_AVAILABILITY = YES_AGGRESSIVE;
				CLANG_WARN_UNREACHABLE_CODE = YES;
				CLANG_WARN__DUPLICATE_METHOD_MATCH = YES;
				CODE_SIGN_IDENTITY = "iPhone Developer";
				COPY_PHASE_STRIP = NO;
				DEBUG_INFORMATION_FORMAT = "dwarf-with-dsym";
				ENABLE_NS_ASSERTIONS = NO;
				ENABLE_STRICT_OBJC_MSGSEND = YES;
				GCC_C_LANGUAGE_STANDARD = gnu11;
				GCC_NO_COMMON_BLOCKS = YES;
				GCC_WARN_64_TO_32_BIT_CONVERSION = YES;
				GCC_WARN_ABOUT_RETURN_TYPE = YES_ERROR;
				GCC_WARN_UNDECLARED_SELECTOR = YES;
				GCC_WARN_UNINITIALIZED_AUTOS = YES_AGGRESSIVE;
				GCC_WARN_UNUSED_FUNCTION = YES;
				GCC_WARN_UNUSED_VARIABLE = YES;
				IPHONEOS_DEPLOYMENT_TARGET = 12.2;
				MTL_ENABLE_DEBUG_INFO = NO;
				MTL_FAST_MATH = YES;
				SDKROOT = iphoneos;
				VALIDATE_PRODUCT = YES;
			};
			name = Release;
		};
		6E234CEF22E5ACDB000576BF /* Debug */ = {
			isa = XCBuildConfiguration;
			baseConfigurationReference = 66B38DC435E4794BCAF94D5A /* Pods-DABannerView.debug.xcconfig */;
			buildSettings = {
				ASSETCATALOG_COMPILER_APPICON_NAME = AppIcon;
				CODE_SIGN_STYLE = Automatic;
				DEVELOPMENT_TEAM = 883RSPQJ96;
				INFOPLIST_FILE = DABannerView/Info.plist;
				IPHONEOS_DEPLOYMENT_TARGET = 11.0;
				LD_RUNPATH_SEARCH_PATHS = (
					"$(inherited)",
					"@executable_path/Frameworks",
				);
				PRODUCT_BUNDLE_IDENTIFIER = com.demo.wlf.DABannerView;
				PRODUCT_NAME = "$(TARGET_NAME)";
				TARGETED_DEVICE_FAMILY = "1,2";
			};
			name = Debug;
		};
		6E234CF022E5ACDB000576BF /* Release */ = {
			isa = XCBuildConfiguration;
			baseConfigurationReference = 2A1E9F8EFFA324EE3F58057A /* Pods-DABannerView.release.xcconfig */;
			buildSettings = {
				ASSETCATALOG_COMPILER_APPICON_NAME = AppIcon;
				CODE_SIGN_STYLE = Automatic;
				DEVELOPMENT_TEAM = 883RSPQJ96;
				INFOPLIST_FILE = DABannerView/Info.plist;
				IPHONEOS_DEPLOYMENT_TARGET = 11.0;
				LD_RUNPATH_SEARCH_PATHS = (
					"$(inherited)",
					"@executable_path/Frameworks",
				);
				PRODUCT_BUNDLE_IDENTIFIER = com.demo.wlf.DABannerView;
				PRODUCT_NAME = "$(TARGET_NAME)";
				TARGETED_DEVICE_FAMILY = "1,2";
			};
			name = Release;
		};
/* End XCBuildConfiguration section */

/* Begin XCConfigurationList section */
		6E234CD322E5ACD7000576BF /* Build configuration list for PBXProject "DABannerView" */ = {
			isa = XCConfigurationList;
			buildConfigurations = (
				6E234CEC22E5ACDB000576BF /* Debug */,
				6E234CED22E5ACDB000576BF /* Release */,
			);
			defaultConfigurationIsVisible = 0;
			defaultConfigurationName = Release;
		};
		6E234CEE22E5ACDB000576BF /* Build configuration list for PBXNativeTarget "DABannerView" */ = {
			isa = XCConfigurationList;
			buildConfigurations = (
				6E234CEF22E5ACDB000576BF /* Debug */,
				6E234CF022E5ACDB000576BF /* Release */,
			);
			defaultConfigurationIsVisible = 0;
			defaultConfigurationName = Release;
		};
/* End XCConfigurationList section */
	};
	rootObject = 6E234CD022E5ACD7000576BF /* Project object */;
}
